
Microsoft Visual Studio Solution File, Format Version 12.00
# Visual Studio 15
VisualStudioVersion = 15.0.28307.168
MinimumVisualStudioVersion = 10.0.40219.1
Project("{FAE04EC0-301F-11D3-BF4B-00C04F79EFBC}") = "Proiect Asigurari", "Proiect Asigurari\Proiect Asigurari.csproj", "{F4ED7235-4554-4E9F-AFA1-5B4CCC856C17}"
EndProject
Global
	GlobalSection(SolutionConfigurationPlatforms) = preSolution
		Debug|Any CPU = Debug|Any CPU
		Release|Any CPU = Release|Any CPU
	EndGlobalSection
	GlobalSection(ProjectConfigurationPlatforms) = postSolution
		{F4ED7235-4554-4E9F-AFA1-5B4CCC856C17}.Debug|Any CPU.ActiveCfg = Debug|Any CPU
		{F4ED7235-4554-4E9F-AFA1-5B4CCC856C17}.Debug|Any CPU.Build.0 = Debug|Any CPU
		{F4ED7235-4554-4E9F-AFA1-5B4CCC856C17}.Release|Any CPU.ActiveCfg = Release|Any CPU
		{F4ED7235-4554-4E9F-AFA1-5B4CCC856C17}.Release|Any CPU.Build.0 = Release|Any CPU
	EndGlobalSection
	GlobalSection(SolutionProperties) = preSolution
		HideSolutionNode = FALSE
	EndGlobalSection
	GlobalSection(ExtensibilityGlobals) = postSolution
		SolutionGuid = {D335702D-0189-4C1A-8386-63D670A46920}
	EndGlobalSection
EndGlobal
